// !$*UTF8*$!
{
	archiveVersion = 1;
	classes = {
	};
	objectVersion = 56;
	objects = {

/* Begin PBXBuildFile section */
		8B057585298E52C000A56C9A /* XCAChatGPTMacApp.swift in Sources */ = {isa = PBXBuildFile; fileRef = 8B057584298E52C000A56C9A /* XCAChatGPTMacApp.swift */; };
		8B057589298E52C000A56C9A /* Assets.xcassets in Resources */ = {isa = PBXBuildFile; fileRef = 8B057588298E52C000A56C9A /* Assets.xcassets */; };
		8B05758C298E52C000A56C9A /* Preview Assets.xcassets in Resources */ = {isa = PBXBuildFile; fileRef = 8B05758B298E52C000A56C9A /* Preview Assets.xcassets */; };
		8B057592298E52D900A56C9A /* DotLoadingView.swift in Sources */ = {isa = PBXBuildFile; fileRef = 8B91C017298ADF4E0079AF26 /* DotLoadingView.swift */; };
		8B057593298E52D900A56C9A /* ChatGPTAPI.swift in Sources */ = {isa = PBXBuildFile; fileRef = 8B91C011298AD0CE0079AF26 /* ChatGPTAPI.swift */; };
		8B057594298E52D900A56C9A /* ContentView.swift in Sources */ = {isa = PBXBuildFile; fileRef = 8B91C005298AD09E0079AF26 /* ContentView.swift */; };
		8B057595298E52D900A56C9A /* MessageRowView.swift in Sources */ = {isa = PBXBuildFile; fileRef = 8B91C019298ADF7F0079AF26 /* MessageRowView.swift */; };
		8B057596298E52DD00A56C9A /* ViewModel.swift in Sources */ = {isa = PBXBuildFile; fileRef = 8B91C013298ADC560079AF26 /* ViewModel.swift */; };
		8B057597298E52DD00A56C9A /* MessageRow.swift in Sources */ = {isa = PBXBuildFile; fileRef = 8B91C015298ADC9D0079AF26 /* MessageRow.swift */; };
		8B91C004298AD09E0079AF26 /* XCAChatGPTApp.swift in Sources */ = {isa = PBXBuildFile; fileRef = 8B91C003298AD09E0079AF26 /* XCAChatGPTApp.swift */; };
		8B91C006298AD09E0079AF26 /* ContentView.swift in Sources */ = {isa = PBXBuildFile; fileRef = 8B91C005298AD09E0079AF26 /* ContentView.swift */; };
		8B91C008298AD09F0079AF26 /* Assets.xcassets in Resources */ = {isa = PBXBuildFile; fileRef = 8B91C007298AD09F0079AF26 /* Assets.xcassets */; };
		8B91C00B298AD09F0079AF26 /* Preview Assets.xcassets in Resources */ = {isa = PBXBuildFile; fileRef = 8B91C00A298AD09F0079AF26 /* Preview Assets.xcassets */; };
		8B91C012298AD0CE0079AF26 /* ChatGPTAPI.swift in Sources */ = {isa = PBXBuildFile; fileRef = 8B91C011298AD0CE0079AF26 /* ChatGPTAPI.swift */; };
		8B91C014298ADC560079AF26 /* ViewModel.swift in Sources */ = {isa = PBXBuildFile; fileRef = 8B91C013298ADC560079AF26 /* ViewModel.swift */; };
		8B91C016298ADC9D0079AF26 /* MessageRow.swift in Sources */ = {isa = PBXBuildFile; fileRef = 8B91C015298ADC9D0079AF26 /* MessageRow.swift */; };
		8B91C018298ADF4E0079AF26 /* DotLoadingView.swift in Sources */ = {isa = PBXBuildFile; fileRef = 8B91C017298ADF4E0079AF26 /* DotLoadingView.swift */; };
		8B91C01A298ADF7F0079AF26 /* MessageRowView.swift in Sources */ = {isa = PBXBuildFile; fileRef = 8B91C019298ADF7F0079AF26 /* MessageRowView.swift */; };
/* End PBXBuildFile section */

/* Begin PBXFileReference section */
		8B057582298E52C000A56C9A /* XCAChatGPTMac.app */ = {isa = PBXFileReference; explicitFileType = wrapper.application; includeInIndex = 0; path = XCAChatGPTMac.app; sourceTree = BUILT_PRODUCTS_DIR; };
		8B057584298E52C000A56C9A /* XCAChatGPTMacApp.swift */ = {isa = PBXFileReference; lastKnownFileType = sourcecode.swift; path = XCAChatGPTMacApp.swift; sourceTree = "<group>"; };
		8B057588298E52C000A56C9A /* Assets.xcassets */ = {isa = PBXFileReference; lastKnownFileType = folder.assetcatalog; path = Assets.xcassets; sourceTree = "<group>"; };
		8B05758B298E52C000A56C9A /* Preview Assets.xcassets */ = {isa = PBXFileReference; lastKnownFileType = folder.assetcatalog; path = "Preview Assets.xcassets"; sourceTree = "<group>"; };
		8B05758D298E52C000A56C9A /* XCAChatGPTMac.entitlements */ = {isa = PBXFileReference; lastKnownFileType = text.plist.entitlements; path = XCAChatGPTMac.entitlements; sourceTree = "<group>"; };
		8B91C000298AD09E0079AF26 /* XCAChatGPT.app */ = {isa = PBXFileReference; explicitFileType = wrapper.application; includeInIndex = 0; path = XCAChatGPT.app; sourceTree = BUILT_PRODUCTS_DIR; };
		8B91C003298AD09E0079AF26 /* XCAChatGPTApp.swift */ = {isa = PBXFileReference; lastKnownFileType = sourcecode.swift; path = XCAChatGPTApp.swift; sourceTree = "<group>"; };
		8B91C005298AD09E0079AF26 /* ContentView.swift */ = {isa = PBXFileReference; lastKnownFileType = sourcecode.swift; path = ContentView.swift; sourceTree = "<group>"; };
		8B91C007298AD09F0079AF26 /* Assets.xcassets */ = {isa = PBXFileReference; lastKnownFileType = folder.assetcatalog; path = Assets.xcassets; sourceTree = "<group>"; };
		8B91C00A298AD09F0079AF26 /* Preview Assets.xcassets */ = {isa = PBXFileReference; lastKnownFileType = folder.assetcatalog; path = "Preview Assets.xcassets"; sourceTree = "<group>"; };
		8B91C011298AD0CE0079AF26 /* ChatGPTAPI.swift */ = {isa = PBXFileReference; lastKnownFileType = sourcecode.swift; path = ChatGPTAPI.swift; sourceTree = "<group>"; };
		8B91C013298ADC560079AF26 /* ViewModel.swift */ = {isa = PBXFileReference; lastKnownFileType = sourcecode.swift; path = ViewModel.swift; sourceTree = "<group>"; };
		8B91C015298ADC9D0079AF26 /* MessageRow.swift */ = {isa = PBXFileReference; lastKnownFileType = sourcecode.swift; path = MessageRow.swift; sourceTree = "<group>"; };
		8B91C017298ADF4E0079AF26 /* DotLoadingView.swift */ = {isa = PBXFileReference; lastKnownFileType = sourcecode.swift; path = DotLoadingView.swift; sourceTree = "<group>"; };
		8B91C019298ADF7F0079AF26 /* MessageRowView.swift */ = {isa = PBXFileReference; lastKnownFileType = sourcecode.swift; path = MessageRowView.swift; sourceTree = "<group>"; };
/* End PBXFileReference section */

/* Begin PBXFrameworksBuildPhase section */
		8B05757F298E52C000A56C9A /* Frameworks */ = {
			isa = PBXFrameworksBuildPhase;
			buildActionMask = 2147483647;
			files = (
			);
			runOnlyForDeploymentPostprocessing = 0;
		};
		8B91BFFD298AD09E0079AF26 /* Frameworks */ = {
			isa = PBXFrameworksBuildPhase;
			buildActionMask = 2147483647;
			files = (
			);
			runOnlyForDeploymentPostprocessing = 0;
		};
/* End PBXFrameworksBuildPhase section */

/* Begin PBXGroup section */
		8B057583298E52C000A56C9A /* XCAChatGPTMac */ = {
			isa = PBXGroup;
			children = (
				8B057584298E52C000A56C9A /* XCAChatGPTMacApp.swift */,
				8B057588298E52C000A56C9A /* Assets.xcassets */,
				8B05758D298E52C000A56C9A /* XCAChatGPTMac.entitlements */,
				8B05758A298E52C000A56C9A /* Preview Content */,
			);
			path = XCAChatGPTMac;
			sourceTree = "<group>";
		};
		8B05758A298E52C000A56C9A /* Preview Content */ = {
			isa = PBXGroup;
			children = (
				8B05758B298E52C000A56C9A /* Preview Assets.xcassets */,
			);
			path = "Preview Content";
			sourceTree = "<group>";
		};
		8B057591298E52CB00A56C9A /* Shared */ = {
			isa = PBXGroup;
			children = (
				8B91C011298AD0CE0079AF26 /* ChatGPTAPI.swift */,
				8B91C005298AD09E0079AF26 /* ContentView.swift */,
				8B91C017298ADF4E0079AF26 /* DotLoadingView.swift */,
				8B91C019298ADF7F0079AF26 /* MessageRowView.swift */,
				8B91C013298ADC560079AF26 /* ViewModel.swift */,
				8B91C015298ADC9D0079AF26 /* MessageRow.swift */,
			);
			path = Shared;
			sourceTree = "<group>";
		};
		8B91BFF7298AD09E0079AF26 = {
			isa = PBXGroup;
			children = (
				8B057591298E52CB00A56C9A /* Shared */,
				8B91C002298AD09E0079AF26 /* XCAChatGPT */,
				8B057583298E52C000A56C9A /* XCAChatGPTMac */,
				8B91C001298AD09E0079AF26 /* Products */,
			);
			sourceTree = "<group>";
		};
		8B91C001298AD09E0079AF26 /* Products */ = {
			isa = PBXGroup;
			children = (
				8B91C000298AD09E0079AF26 /* XCAChatGPT.app */,
				8B057582298E52C000A56C9A /* XCAChatGPTMac.app */,
			);
			name = Products;
			sourceTree = "<group>";
		};
		8B91C002298AD09E0079AF26 /* XCAChatGPT */ = {
			isa = PBXGroup;
			children = (
				8B91C003298AD09E0079AF26 /* XCAChatGPTApp.swift */,
				8B91C007298AD09F0079AF26 /* Assets.xcassets */,
				8B91C009298AD09F0079AF26 /* Preview Content */,
			);
			path = XCAChatGPT;
			sourceTree = "<group>";
		};
		8B91C009298AD09F0079AF26 /* Preview Content */ = {
			isa = PBXGroup;
			children = (
				8B91C00A298AD09F0079AF26 /* Preview Assets.xcassets */,
			);
			path = "Preview Content";
			sourceTree = "<group>";
		};
/* End PBXGroup section */

/* Begin PBXNativeTarget section */
		8B057581298E52C000A56C9A /* XCAChatGPTMac */ = {
			isa = PBXNativeTarget;
			buildConfigurationList = 8B057590298E52C000A56C9A /* Build configuration list for PBXNativeTarget "XCAChatGPTMac" */;
			buildPhases = (
				8B05757E298E52C000A56C9A /* Sources */,
				8B05757F298E52C000A56C9A /* Frameworks */,
				8B057580298E52C000A56C9A /* Resources */,
			);
			buildRules = (
			);
			dependencies = (
			);
			name = XCAChatGPTMac;
			productName = XCAChatGPTMac;
			productReference = 8B057582298E52C000A56C9A /* XCAChatGPTMac.app */;
			productType = "com.apple.product-type.application";
		};
		8B91BFFF298AD09E0079AF26 /* XCAChatGPT */ = {
			isa = PBXNativeTarget;
			buildConfigurationList = 8B91C00E298AD09F0079AF26 /* Build configuration list for PBXNativeTarget "XCAChatGPT" */;
			buildPhases = (
				8B91BFFC298AD09E0079AF26 /* Sources */,
				8B91BFFD298AD09E0079AF26 /* Frameworks */,
				8B91BFFE298AD09E0079AF26 /* Resources */,
			);
			buildRules = (
			);
			dependencies = (
			);
			name = XCAChatGPT;
			productName = XCAChatGPT;
			productReference = 8B91C000298AD09E0079AF26 /* XCAChatGPT.app */;
			productType = "com.apple.product-type.application";
		};
/* End PBXNativeTarget section */

/* Begin PBXProject section */
		8B91BFF8298AD09E0079AF26 /* Project object */ = {
			isa = PBXProject;
			attributes = {
				BuildIndependentTargetsInParallel = 1;
				LastSwiftUpdateCheck = 1420;
				LastUpgradeCheck = 1420;
				TargetAttributes = {
					8B057581298E52C000A56C9A = {
						CreatedOnToolsVersion = 14.2;
					};
					8B91BFFF298AD09E0079AF26 = {
						CreatedOnToolsVersion = 14.2;
					};
				};
			};
			buildConfigurationList = 8B91BFFB298AD09E0079AF26 /* Build configuration list for PBXProject "XCAChatGPT" */;
			compatibilityVersion = "Xcode 14.0";
			developmentRegion = en;
			hasScannedForEncodings = 0;
			knownRegions = (
				en,
				Base,
			);
			mainGroup = 8B91BFF7298AD09E0079AF26;
			productRefGroup = 8B91C001298AD09E0079AF26 /* Products */;
			projectDirPath = "";
			projectRoot = "";
			targets = (
				8B91BFFF298AD09E0079AF26 /* XCAChatGPT */,
				8B057581298E52C000A56C9A /* XCAChatGPTMac */,
			);
		};
/* End PBXProject section */

/* Begin PBXResourcesBuildPhase section */
		8B057580298E52C000A56C9A /* Resources */ = {
			isa = PBXResourcesBuildPhase;
			buildActionMask = 2147483647;
			files = (
				8B05758C298E52C000A56C9A /* Preview Assets.xcassets in Resources */,
				8B057589298E52C000A56C9A /* Assets.xcassets in Resources */,
			);
			runOnlyForDeploymentPostprocessing = 0;
		};
		8B91BFFE298AD09E0079AF26 /* Resources */ = {
			isa = PBXResourcesBuildPhase;
			buildActionMask = 2147483647;
			files = (
				8B91C00B298AD09F0079AF26 /* Preview Assets.xcassets in Resources */,
				8B91C008298AD09F0079AF26 /* Assets.xcassets in Resources */,
			);
			runOnlyForDeploymentPostprocessing = 0;
		};
/* End PBXResourcesBuildPhase section */

/* Begin PBXSourcesBuildPhase section */
		8B05757E298E52C000A56C9A /* Sources */ = {
			isa = PBXSourcesBuildPhase;
			buildActionMask = 2147483647;
			files = (
				8B057597298E52DD00A56C9A /* MessageRow.swift in Sources */,
				8B057593298E52D900A56C9A /* ChatGPTAPI.swift in Sources */,
				8B057594298E52D900A56C9A /* ContentView.swift in Sources */,
				8B057592298E52D900A56C9A /* DotLoadingView.swift in Sources */,
				8B057595298E52D900A56C9A /* MessageRowView.swift in Sources */,
				8B057585298E52C000A56C9A /* XCAChatGPTMacApp.swift in Sources */,
				8B057596298E52DD00A56C9A /* ViewModel.swift in Sources */,
			);
			runOnlyForDeploymentPostprocessing = 0;
		};
		8B91BFFC298AD09E0079AF26 /* Sources */ = {
			isa = PBXSourcesBuildPhase;
			buildActionMask = 2147483647;
			files = (
				8B91C012298AD0CE0079AF26 /* ChatGPTAPI.swift in Sources */,
				8B91C006298AD09E0079AF26 /* ContentView.swift in Sources */,
				8B91C014298ADC560079AF26 /* ViewModel.swift in Sources */,
				8B91C018298ADF4E0079AF26 /* DotLoadingView.swift in Sources */,
				8B91C004298AD09E0079AF26 /* XCAChatGPTApp.swift in Sources */,
				8B91C01A298ADF7F0079AF26 /* MessageRowView.swift in Sources */,
				8B91C016298ADC9D0079AF26 /* MessageRow.swift in Sources */,
			);
			runOnlyForDeploymentPostprocessing = 0;
		};
/* End PBXSourcesBuildPhase section */

/* Begin XCBuildConfiguration section */
		8B05758E298E52C000A56C9A /* Debug */ = {
			isa = XCBuildConfiguration;
			buildSettings = {
				ASSETCATALOG_COMPILER_APPICON_NAME = AppIcon;
				ASSETCATALOG_COMPILER_GLOBAL_ACCENT_COLOR_NAME = AccentColor;
				CODE_SIGN_ENTITLEMENTS = XCAChatGPTMac/XCAChatGPTMac.entitlements;
				CODE_SIGN_STYLE = Automatic;
				COMBINE_HIDPI_IMAGES = YES;
				CURRENT_PROJECT_VERSION = 1;
				DEVELOPMENT_ASSET_PATHS = "\"XCAChatGPTMac/Preview Content\"";
				DEVELOPMENT_TEAM = 5C2XD9H2JS;
				ENABLE_HARDENED_RUNTIME = YES;
				ENABLE_PREVIEWS = YES;
				GENERATE_INFOPLIST_FILE = YES;
				INFOPLIST_KEY_NSHumanReadableCopyright = "";
				LD_RUNPATH_SEARCH_PATHS = (
					"$(inherited)",
					"@executable_path/../Frameworks",
				);
				MACOSX_DEPLOYMENT_TARGET = 13.1;
				MARKETING_VERSION = 1.0;
				PRODUCT_BUNDLE_IDENTIFIER = com.alfianlosari.XCAChatGPTMac;
				PRODUCT_NAME = "$(TARGET_NAME)";
				SDKROOT = macosx;
				SWIFT_EMIT_LOC_STRINGS = YES;
				SWIFT_VERSION = 5.0;
			};
			name = Debug;
		};
		8B05758F298E52C000A56C9A /* Release */ = {
			isa = XCBuildConfiguration;
			buildSettings = {
				ASSETCATALOG_COMPILER_APPICON_NAME = AppIcon;
				ASSETCATALOG_COMPILER_GLOBAL_ACCENT_COLOR_NAME = AccentColor;
				CODE_SIGN_ENTITLEMENTS = XCAChatGPTMac/XCAChatGPTMac.entitlements;
				CODE_SIGN_STYLE = Automatic;
				COMBINE_HIDPI_IMAGES = YES;
				CURRENT_PROJECT_VERSION = 1;
				DEVELOPMENT_ASSET_PATHS = "\"XCAChatGPTMac/Preview Content\"";
				DEVELOPMENT_TEAM = 5C2XD9H2JS;
				ENABLE_HARDENED_RUNTIME = YES;
				ENABLE_PREVIEWS = YES;
				GENERATE_INFOPLIST_FILE = YES;
				INFOPLIST_KEY_NSHumanReadableCopyright = "";
				LD_RUNPATH_SEARCH_PATHS = (
					"$(inherited)",
					"@executable_path/../Frameworks",
				);
				MACOSX_DEPLOYMENT_TARGET = 13.1;
				MARKETING_VERSION = 1.0;
				PRODUCT_BUNDLE_IDENTIFIER = com.alfianlosari.XCAChatGPTMac;
				PRODUCT_NAME = "$(TARGET_NAME)";
				SDKROOT = macosx;
				SWIFT_EMIT_LOC_STRINGS = YES;
				SWIFT_VERSION = 5.0;
			};
			name = Release;
		};
		8B91C00C298AD09F0079AF26 /* Debug */ = {
			isa = XCBuildConfiguration;
			buildSettings = {
				ALWAYS_SEARCH_USER_PATHS = NO;
				CLANG_ANALYZER_NONNULL = YES;
				CLANG_ANALYZER_NUMBER_OBJECT_CONVERSION = YES_AGGRESSIVE;
				CLANG_CXX_LANGUAGE_STANDARD = "gnu++20";
				CLANG_ENABLE_MODULES = YES;
				CLANG_ENABLE_OBJC_ARC = YES;
				CLANG_ENABLE_OBJC_WEAK = YES;
				CLANG_WARN_BLOCK_CAPTURE_AUTORELEASING = YES;
				CLANG_WARN_BOOL_CONVERSION = YES;
				CLANG_WARN_COMMA = YES;
				CLANG_WARN_CONSTANT_CONVERSION = YES;
				CLANG_WARN_DEPRECATED_OBJC_IMPLEMENTATIONS = YES;
				CLANG_WARN_DIRECT_OBJC_ISA_USAGE = YES_ERROR;
				CLANG_WARN_DOCUMENTATION_COMMENTS = YES;
				CLANG_WARN_EMPTY_BODY = YES;
				CLANG_WARN_ENUM_CONVERSION = YES;
				CLANG_WARN_INFINITE_RECURSION = YES;
				CLANG_WARN_INT_CONVERSION = YES;
				CLANG_WARN_NON_LITERAL_NULL_CONVERSION = YES;
				CLANG_WARN_OBJC_IMPLICIT_RETAIN_SELF = YES;
				CLANG_WARN_OBJC_LITERAL_CONVERSION = YES;
				CLANG_WARN_OBJC_ROOT_CLASS = YES_ERROR;
				CLANG_WARN_QUOTED_INCLUDE_IN_FRAMEWORK_HEADER = YES;
				CLANG_WARN_RANGE_LOOP_ANALYSIS = YES;
				CLANG_WARN_STRICT_PROTOTYPES = YES;
				CLANG_WARN_SUSPICIOUS_MOVE = YES;
				CLANG_WARN_UNGUARDED_AVAILABILITY = YES_AGGRESSIVE;
				CLANG_WARN_UNREACHABLE_CODE = YES;
				CLANG_WARN__DUPLICATE_METHOD_MATCH = YES;
				COPY_PHASE_STRIP = NO;
				DEBUG_INFORMATION_FORMAT = dwarf;
				ENABLE_STRICT_OBJC_MSGSEND = YES;
				ENABLE_TESTABILITY = YES;
				GCC_C_LANGUAGE_STANDARD = gnu11;
				GCC_DYNAMIC_NO_PIC = NO;
				GCC_NO_COMMON_BLOCKS = YES;
				GCC_OPTIMIZATION_LEVEL = 0;
				GCC_PREPROCESSOR_DEFINITIONS = (
					"DEBUG=1",
					"$(inherited)",
				);
				GCC_WARN_64_TO_32_BIT_CONVERSION = YES;
				GCC_WARN_ABOUT_RETURN_TYPE = YES_ERROR;
				GCC_WARN_UNDECLARED_SELECTOR = YES;
				GCC_WARN_UNINITIALIZED_AUTOS = YES_AGGRESSIVE;
				GCC_WARN_UNUSED_FUNCTION = YES;
				GCC_WARN_UNUSED_VARIABLE = YES;
				IPHONEOS_DEPLOYMENT_TARGET = 16.2;
				MTL_ENABLE_DEBUG_INFO = INCLUDE_SOURCE;
				MTL_FAST_MATH = YES;
				ONLY_ACTIVE_ARCH = YES;
				SDKROOT = iphoneos;
				SWIFT_ACTIVE_COMPILATION_CONDITIONS = DEBUG;
				SWIFT_OPTIMIZATION_LEVEL = "-Onone";
			};
			name = Debug;
		};
		8B91C00D298AD09F0079AF26 /* Release */ = {
			isa = XCBuildConfiguration;
			buildSettings = {
				ALWAYS_SEARCH_USER_PATHS = NO;
				CLANG_ANALYZER_NONNULL = YES;
				CLANG_ANALYZER_NUMBER_OBJECT_CONVERSION = YES_AGGRESSIVE;
				CLANG_CXX_LANGUAGE_STANDARD = "gnu++20";
				CLANG_ENABLE_MODULES = YES;
				CLANG_ENABLE_OBJC_ARC = YES;
				CLANG_ENABLE_OBJC_WEAK = YES;
				CLANG_WARN_BLOCK_CAPTURE_AUTORELEASING = YES;
				CLANG_WARN_BOOL_CONVERSION = YES;
				CLANG_WARN_COMMA = YES;
				CLANG_WARN_CONSTANT_CONVERSION = YES;
				CLANG_WARN_DEPRECATED_OBJC_IMPLEMENTATIONS = YES;
				CLANG_WARN_DIRECT_OBJC_ISA_USAGE = YES_ERROR;
				CLANG_WARN_DOCUMENTATION_COMMENTS = YES;
				CLANG_WARN_EMPTY_BODY = YES;
				CLANG_WARN_ENUM_CONVERSION = YES;
				CLANG_WARN_INFINITE_RECURSION = YES;
				CLANG_WARN_INT_CONVERSION = YES;
				CLANG_WARN_NON_LITERAL_NULL_CONVERSION = YES;
				CLANG_WARN_OBJC_IMPLICIT_RETAIN_SELF = YES;
				CLANG_WARN_OBJC_LITERAL_CONVERSION = YES;
				CLANG_WARN_OBJC_ROOT_CLASS = YES_ERROR;
				CLANG_WARN_QUOTED_INCLUDE_IN_FRAMEWORK_HEADER = YES;
				CLANG_WARN_RANGE_LOOP_ANALYSIS = YES;
				CLANG_WARN_STRICT_PROTOTYPES = YES;
				CLANG_WARN_SUSPICIOUS_MOVE = YES;
				CLANG_WARN_UNGUARDED_AVAILABILITY = YES_AGGRESSIVE;
				CLANG_WARN_UNREACHABLE_CODE = YES;
				CLANG_WARN__DUPLICATE_METHOD_MATCH = YES;
				COPY_PHASE_STRIP = NO;
				DEBUG_INFORMATION_FORMAT = "dwarf-with-dsym";
				ENABLE_NS_ASSERTIONS = NO;
				ENABLE_STRICT_OBJC_MSGSEND = YES;
				GCC_C_LANGUAGE_STANDARD = gnu11;
				GCC_NO_COMMON_BLOCKS = YES;
				GCC_WARN_64_TO_32_BIT_CONVERSION = YES;
				GCC_WARN_ABOUT_RETURN_TYPE = YES_ERROR;
				GCC_WARN_UNDECLARED_SELECTOR = YES;
				GCC_WARN_UNINITIALIZED_AUTOS = YES_AGGRESSIVE;
				GCC_WARN_UNUSED_FUNCTION = YES;
				GCC_WARN_UNUSED_VARIABLE = YES;
				IPHONEOS_DEPLOYMENT_TARGET = 16.2;
				MTL_ENABLE_DEBUG_INFO = NO;
				MTL_FAST_MATH = YES;
				SDKROOT = iphoneos;
				SWIFT_COMPILATION_MODE = wholemodule;
				SWIFT_OPTIMIZATION_LEVEL = "-O";
				VALIDATE_PRODUCT = YES;
			};
			name = Release;
		};
		8B91C00F298AD09F0079AF26 /* Debug */ = {
			isa = XCBuildConfiguration;
			buildSettings = {
				ASSETCATALOG_COMPILER_APPICON_NAME = AppIcon;
				ASSETCATALOG_COMPILER_GLOBAL_ACCENT_COLOR_NAME = AccentColor;
				CODE_SIGN_STYLE = Automatic;
				CURRENT_PROJECT_VERSION = 1;
				DEVELOPMENT_ASSET_PATHS = "\"XCAChatGPT/Preview Content\"";
				DEVELOPMENT_TEAM = 5C2XD9H2JS;
				ENABLE_PREVIEWS = YES;
				GENERATE_INFOPLIST_FILE = YES;
				INFOPLIST_KEY_UIApplicationSceneManifest_Generation = YES;
				INFOPLIST_KEY_UIApplicationSupportsIndirectInputEvents = YES;
				INFOPLIST_KEY_UILaunchScreen_Generation = YES;
				INFOPLIST_KEY_UISupportedInterfaceOrientations_iPad = "UIInterfaceOrientationPortrait UIInterfaceOrientationPortraitUpsideDown UIInterfaceOrientationLandscapeLeft UIInterfaceOrientationLandscapeRight";
				INFOPLIST_KEY_UISupportedInterfaceOrientations_iPhone = "UIInterfaceOrientationPortrait UIInterfaceOrientationLandscapeLeft UIInterfaceOrientationLandscapeRight";
				LD_RUNPATH_SEARCH_PATHS = (
					"$(inherited)",
					"@executable_path/Frameworks",
				);
				MARKETING_VERSION = 1.0;
				PRODUCT_BUNDLE_IDENTIFIER = com.alfianlosari.XCAChatGPT;
				PRODUCT_NAME = "$(TARGET_NAME)";
				SWIFT_EMIT_LOC_STRINGS = YES;
				SWIFT_VERSION = 5.0;
				TARGETED_DEVICE_FAMILY = "1,2";
			};
			name = Debug;
		};
		8B91C010298AD09F0079AF26 /* Release */ = {
			isa = XCBuildConfiguration;
			buildSettings = {
				ASSETCATALOG_COMPILER_APPICON_NAME = AppIcon;
				ASSETCATALOG_COMPILER_GLOBAL_ACCENT_COLOR_NAME = AccentColor;
				CODE_SIGN_STYLE = Automatic;
				CURRENT_PROJECT_VERSION = 1;
				DEVELOPMENT_ASSET_PATHS = "\"XCAChatGPT/Preview Content\"";
				DEVELOPMENT_TEAM = 5C2XD9H2JS;
				ENABLE_PREVIEWS = YES;
				GENERATE_INFOPLIST_FILE = YES;
				INFOPLIST_KEY_UIApplicationSceneManifest_Generation = YES;
				INFOPLIST_KEY_UIApplicationSupportsIndirectInputEvents = YES;
				INFOPLIST_KEY_UILaunchScreen_Generation = YES;
				INFOPLIST_KEY_UISupportedInterfaceOrientations_iPad = "UIInterfaceOrientationPortrait UIInterfaceOrientationPortraitUpsideDown UIInterfaceOrientationLandscapeLeft UIInterfaceOrientationLandscapeRight";
				INFOPLIST_KEY_UISupportedInterfaceOrientations_iPhone = "UIInterfaceOrientationPortrait UIInterfaceOrientationLandscapeLeft UIInterfaceOrientationLandscapeRight";
				LD_RUNPATH_SEARCH_PATHS = (
					"$(inherited)",
					"@executable_path/Frameworks",
				);
				MARKETING_VERSION = 1.0;
				PRODUCT_BUNDLE_IDENTIFIER = com.alfianlosari.XCAChatGPT;
				PRODUCT_NAME = "$(TARGET_NAME)";
				SWIFT_EMIT_LOC_STRINGS = YES;
				SWIFT_VERSION = 5.0;
				TARGETED_DEVICE_FAMILY = "1,2";
			};
			name = Release;
		};
/* End XCBuildConfiguration section */

/* Begin XCConfigurationList section */
		8B057590298E52C000A56C9A /* Build configuration list for PBXNativeTarget "XCAChatGPTMac" */ = {
			isa = XCConfigurationList;
			buildConfigurations = (
				8B05758E298E52C000A56C9A /* Debug */,
				8B05758F298E52C000A56C9A /* Release */,
			);
			defaultConfigurationIsVisible = 0;
			defaultConfigurationName = Release;
		};
		8B91BFFB298AD09E0079AF26 /* Build configuration list for PBXProject "XCAChatGPT" */ = {
			isa = XCConfigurationList;
			buildConfigurations = (
				8B91C00C298AD09F0079AF26 /* Debug */,
				8B91C00D298AD09F0079AF26 /* Release */,
			);
			defaultConfigurationIsVisible = 0;
			defaultConfigurationName = Release;
		};
		8B91C00E298AD09F0079AF26 /* Build configuration list for PBXNativeTarget "XCAChatGPT" */ = {
			isa = XCConfigurationList;
			buildConfigurations = (
				8B91C00F298AD09F0079AF26 /* Debug */,
				8B91C010298AD09F0079AF26 /* Release */,
			);
			defaultConfigurationIsVisible = 0;
			defaultConfigurationName = Release;
		};
/* End XCConfigurationList section */
	};
	rootObject = 8B91BFF8298AD09E0079AF26 /* Project object */;
}
